
Microsoft Visual Studio Solution File, Format Version 12.00
# Visual Studio Version 17
VisualStudioVersion = 17.8.34525.116
MinimumVisualStudioVersion = 10.0.40219.1
Project("{FAE04EC0-301F-11D3-BF4B-00C04F79EFBC}") = "NegocioInversiones", "NegocioInversiones\NegocioInversiones.csproj", "{2FCBD971-483F-4DDD-AF22-9C921F946FED}"
EndProject
Global
	GlobalSection(SolutionConfigurationPlatforms) = preSolution
		Debug|Any CPU = Debug|Any CPU
		Release|Any CPU = Release|Any CPU
	EndGlobalSection
	GlobalSection(ProjectConfigurationPlatforms) = postSolution
		{2FCBD971-483F-4DDD-AF22-9C921F946FED}.Debug|Any CPU.ActiveCfg = Debug|Any CPU
		{2FCBD971-483F-4DDD-AF22-9C921F946FED}.Debug|Any CPU.Build.0 = Debug|Any CPU
		{2FCBD971-483F-4DDD-AF22-9C921F946FED}.Release|Any CPU.ActiveCfg = Release|Any CPU
		{2FCBD971-483F-4DDD-AF22-9C921F946FED}.Release|Any CPU.Build.0 = Release|Any CPU
	EndGlobalSection
	GlobalSection(SolutionProperties) = preSolution
		HideSolutionNode = FALSE
	EndGlobalSection
	GlobalSection(ExtensibilityGlobals) = postSolution
		SolutionGuid = {43426A3C-D811-4C55-8DAD-2E5B4DEE0E8A}
	EndGlobalSection
EndGlobal
